
Microsoft Visual Studio Solution File, Format Version 12.00
# Visual Studio Version 17
VisualStudioVersion = 17.0.31903.59
MinimumVisualStudioVersion = 10.0.40219.1
Project("{2150E333-8FDC-42A3-9474-1A3956D46DE8}") = "src", "src", "{827E0CD3-B72D-47B6-A68D-7590B98EB39B}"
EndProject
Project("{FAE04EC0-301F-11D3-BF4B-00C04F79EFBC}") = "Jig.Domain", "src\Jig.Domain\Jig.Domain.csproj", "{38C333FF-1CA7-4F7E-A891-FEAD691D9087}"
EndProject
Project("{FAE04EC0-301F-11D3-BF4B-00C04F79EFBC}") = "Jig.Application", "src\Jig.Application\Jig.Application.csproj", "{43F3E32E-BDF7-468C-B956-52F377D91F3C}"
EndProject
Project("{FAE04EC0-301F-11D3-BF4B-00C04F79EFBC}") = "Jig.Infrastructure", "src\Jig.Infrastructure\Jig.Infrastructure.csproj", "{8430D65F-1BD6-4F10-A2DC-782E9E663736}"
EndProject
Project("{FAE04EC0-301F-11D3-BF4B-00C04F79EFBC}") = "Jig.Api", "src\Jig.Api\Jig.Api.csproj", "{6A707344-71C4-4AAB-B879-C9CFEFB4AD8A}"
EndProject
Project("{2150E333-8FDC-42A3-9474-1A3956D46DE8}") = "tests", "tests", "{0AB3BF05-4346-4AA6-1389-037BE0695223}"
EndProject
Project("{FAE04EC0-301F-11D3-BF4B-00C04F79EFBC}") = "Jig.Application.Tests", "tests\Jig.Application.Tests\Jig.Application.Tests.csproj", "{DF35624D-453E-4616-B2B6-4C5E7358DB69}"
EndProject
Project("{FAE04EC0-301F-11D3-BF4B-00C04F79EFBC}") = "Jig.Api.Tests", "tests\Jig.Api.Tests\Jig.Api.Tests.csproj", "{94DDE350-5770-4227-9CB3-CE4C953E8BFB}"
EndProject
Project("{FAE04EC0-301F-11D3-BF4B-00C04F79EFBC}") = "Jig.Analyzers", "..\..\tools\analyzers\Jig.Analyzers\Jig.Analyzers.csproj", "{A4913710-7875-41EE-B97B-355E165C0E87}"
EndProject
Project("{FAE04EC0-301F-11D3-BF4B-00C04F79EFBC}") = "Jig.Analyzers.Tests", "..\..\tools\analyzers\Jig.Analyzers.Tests\Jig.Analyzers.Tests.csproj", "{A1511135-A423-40F3-9EA4-7020CEEEC497}"
EndProject
Global
	GlobalSection(SolutionConfigurationPlatforms) = preSolution
		Debug|Any CPU = Debug|Any CPU
		Debug|x64 = Debug|x64
		Debug|x86 = Debug|x86
		Release|Any CPU = Release|Any CPU
		Release|x64 = Release|x64
		Release|x86 = Release|x86
	EndGlobalSection
	GlobalSection(ProjectConfigurationPlatforms) = postSolution
		{38C333FF-1CA7-4F7E-A891-FEAD691D9087}.Debug|Any CPU.ActiveCfg = Debug|Any CPU
		{38C333FF-1CA7-4F7E-A891-FEAD691D9087}.Debug|Any CPU.Build.0 = Debug|Any CPU
		{38C333FF-1CA7-4F7E-A891-FEAD691D9087}.Debug|x64.ActiveCfg = Debug|Any CPU
		{38C333FF-1CA7-4F7E-A891-FEAD691D9087}.Debug|x64.Build.0 = Debug|Any CPU
		{38C333FF-1CA7-4F7E-A891-FEAD691D9087}.Debug|x86.ActiveCfg = Debug|Any CPU
		{38C333FF-1CA7-4F7E-A891-FEAD691D9087}.Debug|x86.Build.0 = Debug|Any CPU
		{38C333FF-1CA7-4F7E-A891-FEAD691D9087}.Release|Any CPU.ActiveCfg = Release|Any CPU
		{38C333FF-1CA7-4F7E-A891-FEAD691D9087}.Release|Any CPU.Build.0 = Release|Any CPU
		{38C333FF-1CA7-4F7E-A891-FEAD691D9087}.Release|x64.ActiveCfg = Release|Any CPU
		{38C333FF-1CA7-4F7E-A891-FEAD691D9087}.Release|x64.Build.0 = Release|Any CPU
		{38C333FF-1CA7-4F7E-A891-FEAD691D9087}.Release|x86.ActiveCfg = Release|Any CPU
		{38C333FF-1CA7-4F7E-A891-FEAD691D9087}.Release|x86.Build.0 = Release|Any CPU
		{43F3E32E-BDF7-468C-B956-52F377D91F3C}.Debug|Any CPU.ActiveCfg = Debug|Any CPU
		{43F3E32E-BDF7-468C-B956-52F377D91F3C}.Debug|Any CPU.Build.0 = Debug|Any CPU
		{43F3E32E-BDF7-468C-B956-52F377D91F3C}.Debug|x64.ActiveCfg = Debug|Any CPU
		{43F3E32E-BDF7-468C-B956-52F377D91F3C}.Debug|x64.Build.0 = Debug|Any CPU
		{43F3E32E-BDF7-468C-B956-52F377D91F3C}.Debug|x86.ActiveCfg = Debug|Any CPU
		{43F3E32E-BDF7-468C-B956-52F377D91F3C}.Debug|x86.Build.0 = Debug|Any CPU
		{43F3E32E-BDF7-468C-B956-52F377D91F3C}.Release|Any CPU.ActiveCfg = Release|Any CPU
		{43F3E32E-BDF7-468C-B956-52F377D91F3C}.Release|Any CPU.Build.0 = Release|Any CPU
		{43F3E32E-BDF7-468C-B956-52F377D91F3C}.Release|x64.ActiveCfg = Release|Any CPU
		{43F3E32E-BDF7-468C-B956-52F377D91F3C}.Release|x64.Build.0 = Release|Any CPU
		{43F3E32E-BDF7-468C-B956-52F377D91F3C}.Release|x86.ActiveCfg = Release|Any CPU
		{43F3E32E-BDF7-468C-B956-52F377D91F3C}.Release|x86.Build.0 = Release|Any CPU
		{8430D65F-1BD6-4F10-A2DC-782E9E663736}.Debug|Any CPU.ActiveCfg = Debug|Any CPU
		{8430D65F-1BD6-4F10-A2DC-782E9E663736}.Debug|Any CPU.Build.0 = Debug|Any CPU
		{8430D65F-1BD6-4F10-A2DC-782E9E663736}.Debug|x64.ActiveCfg = Debug|Any CPU
		{8430D65F-1BD6-4F10-A2DC-782E9E663736}.Debug|x64.Build.0 = Debug|Any CPU
		{8430D65F-1BD6-4F10-A2DC-782E9E663736}.Debug|x86.ActiveCfg = Debug|Any CPU
		{8430D65F-1BD6-4F10-A2DC-782E9E663736}.Debug|x86.Build.0 = Debug|Any CPU
		{8430D65F-1BD6-4F10-A2DC-782E9E663736}.Release|Any CPU.ActiveCfg = Release|Any CPU
		{8430D65F-1BD6-4F10-A2DC-782E9E663736}.Release|Any CPU.Build.0 = Release|Any CPU
		{8430D65F-1BD6-4F10-A2DC-782E9E663736}.Release|x64.ActiveCfg = Release|Any CPU
		{8430D65F-1BD6-4F10-A2DC-782E9E663736}.Release|x64.Build.0 = Release|Any CPU
		{8430D65F-1BD6-4F10-A2DC-782E9E663736}.Release|x86.ActiveCfg = Release|Any CPU
		{8430D65F-1BD6-4F10-A2DC-782E9E663736}.Release|x86.Build.0 = Release|Any CPU
		{6A707344-71C4-4AAB-B879-C9CFEFB4AD8A}.Debug|Any CPU.ActiveCfg = Debug|Any CPU
		{6A707344-71C4-4AAB-B879-C9CFEFB4AD8A}.Debug|Any CPU.Build.0 = Debug|Any CPU
		{6A707344-71C4-4AAB-B879-C9CFEFB4AD8A}.Debug|x64.ActiveCfg = Debug|Any CPU
		{6A707344-71C4-4AAB-B879-C9CFEFB4AD8A}.Debug|x64.Build.0 = Debug|Any CPU
		{6A707344-71C4-4AAB-B879-C9CFEFB4AD8A}.Debug|x86.ActiveCfg = Debug|Any CPU
		{6A707344-71C4-4AAB-B879-C9CFEFB4AD8A}.Debug|x86.Build.0 = Debug|Any CPU
		{6A707344-71C4-4AAB-B879-C9CFEFB4AD8A}.Release|Any CPU.ActiveCfg = Release|Any CPU
		{6A707344-71C4-4AAB-B879-C9CFEFB4AD8A}.Release|Any CPU.Build.0 = Release|Any CPU
		{6A707344-71C4-4AAB-B879-C9CFEFB4AD8A}.Release|x64.ActiveCfg = Release|Any CPU
		{6A707344-71C4-4AAB-B879-C9CFEFB4AD8A}.Release|x64.Build.0 = Release|Any CPU
		{6A707344-71C4-4AAB-B879-C9CFEFB4AD8A}.Release|x86.ActiveCfg = Release|Any CPU
		{6A707344-71C4-4AAB-B879-C9CFEFB4AD8A}.Release|x86.Build.0 = Release|Any CPU
		{DF35624D-453E-4616-B2B6-4C5E7358DB69}.Debug|Any CPU.ActiveCfg = Debug|Any CPU
		{DF35624D-453E-4616-B2B6-4C5E7358DB69}.Debug|Any CPU.Build.0 = Debug|Any CPU
		{DF35624D-453E-4616-B2B6-4C5E7358DB69}.Debug|x64.ActiveCfg = Debug|Any CPU
		{DF35624D-453E-4616-B2B6-4C5E7358DB69}.Debug|x64.Build.0 = Debug|Any CPU
		{DF35624D-453E-4616-B2B6-4C5E7358DB69}.Debug|x86.ActiveCfg = Debug|Any CPU
		{DF35624D-453E-4616-B2B6-4C5E7358DB69}.Debug|x86.Build.0 = Debug|Any CPU
		{DF35624D-453E-4616-B2B6-4C5E7358DB69}.Release|Any CPU.ActiveCfg = Release|Any CPU
		{DF35624D-453E-4616-B2B6-4C5E7358DB69}.Release|Any CPU.Build.0 = Release|Any CPU
		{DF35624D-453E-4616-B2B6-4C5E7358DB69}.Release|x64.ActiveCfg = Release|Any CPU
		{DF35624D-453E-4616-B2B6-4C5E7358DB69}.Release|x64.Build.0 = Release|Any CPU
		{DF35624D-453E-4616-B2B6-4C5E7358DB69}.Release|x86.ActiveCfg = Release|Any CPU
		{DF35624D-453E-4616-B2B6-4C5E7358DB69}.Release|x86.Build.0 = Release|Any CPU
		{94DDE350-5770-4227-9CB3-CE4C953E8BFB}.Debug|Any CPU.ActiveCfg = Debug|Any CPU
		{94DDE350-5770-4227-9CB3-CE4C953E8BFB}.Debug|Any CPU.Build.0 = Debug|Any CPU
		{94DDE350-5770-4227-9CB3-CE4C953E8BFB}.Debug|x64.ActiveCfg = Debug|Any CPU
		{94DDE350-5770-4227-9CB3-CE4C953E8BFB}.Debug|x64.Build.0 = Debug|Any CPU
		{94DDE350-5770-4227-9CB3-CE4C953E8BFB}.Debug|x86.ActiveCfg = Debug|Any CPU
		{94DDE350-5770-4227-9CB3-CE4C953E8BFB}.Debug|x86.Build.0 = Debug|Any CPU
		{94DDE350-5770-4227-9CB3-CE4C953E8BFB}.Release|Any CPU.ActiveCfg = Release|Any CPU
		{94DDE350-5770-4227-9CB3-CE4C953E8BFB}.Release|Any CPU.Build.0 = Release|Any CPU
		{94DDE350-5770-4227-9CB3-CE4C953E8BFB}.Release|x64.ActiveCfg = Release|Any CPU
		{94DDE350-5770-4227-9CB3-CE4C953E8BFB}.Release|x64.Build.0 = Release|Any CPU
		{94DDE350-5770-4227-9CB3-CE4C953E8BFB}.Release|x86.ActiveCfg = Release|Any CPU
		{94DDE350-5770-4227-9CB3-CE4C953E8BFB}.Release|x86.Build.0 = Release|Any CPU
		{A4913710-7875-41EE-B97B-355E165C0E87}.Debug|Any CPU.ActiveCfg = Debug|Any CPU
		{A4913710-7875-41EE-B97B-355E165C0E87}.Debug|Any CPU.Build.0 = Debug|Any CPU
		{A4913710-7875-41EE-B97B-355E165C0E87}.Debug|x64.ActiveCfg = Debug|Any CPU
		{A4913710-7875-41EE-B97B-355E165C0E87}.Debug|x64.Build.0 = Debug|Any CPU
		{A4913710-7875-41EE-B97B-355E165C0E87}.Debug|x86.ActiveCfg = Debug|Any CPU
		{A4913710-7875-41EE-B97B-355E165C0E87}.Debug|x86.Build.0 = Debug|Any CPU
		{A4913710-7875-41EE-B97B-355E165C0E87}.Release|Any CPU.ActiveCfg = Release|Any CPU
		{A4913710-7875-41EE-B97B-355E165C0E87}.Release|Any CPU.Build.0 = Release|Any CPU
		{A4913710-7875-41EE-B97B-355E165C0E87}.Release|x64.ActiveCfg = Release|Any CPU
		{A4913710-7875-41EE-B97B-355E165C0E87}.Release|x64.Build.0 = Release|Any CPU
		{A4913710-7875-41EE-B97B-355E165C0E87}.Release|x86.ActiveCfg = Release|Any CPU
		{A4913710-7875-41EE-B97B-355E165C0E87}.Release|x86.Build.0 = Release|Any CPU
		{A1511135-A423-40F3-9EA4-7020CEEEC497}.Debug|Any CPU.ActiveCfg = Debug|Any CPU
		{A1511135-A423-40F3-9EA4-7020CEEEC497}.Debug|Any CPU.Build.0 = Debug|Any CPU
		{A1511135-A423-40F3-9EA4-7020CEEEC497}.Debug|x64.ActiveCfg = Debug|Any CPU
		{A1511135-A423-40F3-9EA4-7020CEEEC497}.Debug|x64.Build.0 = Debug|Any CPU
		{A1511135-A423-40F3-9EA4-7020CEEEC497}.Debug|x86.ActiveCfg = Debug|Any CPU
		{A1511135-A423-40F3-9EA4-7020CEEEC497}.Debug|x86.Build.0 = Debug|Any CPU
		{A1511135-A423-40F3-9EA4-7020CEEEC497}.Release|Any CPU.ActiveCfg = Release|Any CPU
		{A1511135-A423-40F3-9EA4-7020CEEEC497}.Release|Any CPU.Build.0 = Release|Any CPU
		{A1511135-A423-40F3-9EA4-7020CEEEC497}.Release|x64.ActiveCfg = Release|Any CPU
		{A1511135-A423-40F3-9EA4-7020CEEEC497}.Release|x64.Build.0 = Release|Any CPU
		{A1511135-A423-40F3-9EA4-7020CEEEC497}.Release|x86.ActiveCfg = Release|Any CPU
		{A1511135-A423-40F3-9EA4-7020CEEEC497}.Release|x86.Build.0 = Release|Any CPU
	EndGlobalSection
	GlobalSection(SolutionProperties) = preSolution
		HideSolutionNode = FALSE
	EndGlobalSection
	GlobalSection(NestedProjects) = preSolution
		{38C333FF-1CA7-4F7E-A891-FEAD691D9087} = {827E0CD3-B72D-47B6-A68D-7590B98EB39B}
		{43F3E32E-BDF7-468C-B956-52F377D91F3C} = {827E0CD3-B72D-47B6-A68D-7590B98EB39B}
		{8430D65F-1BD6-4F10-A2DC-782E9E663736} = {827E0CD3-B72D-47B6-A68D-7590B98EB39B}
		{6A707344-71C4-4AAB-B879-C9CFEFB4AD8A} = {827E0CD3-B72D-47B6-A68D-7590B98EB39B}
		{DF35624D-453E-4616-B2B6-4C5E7358DB69} = {0AB3BF05-4346-4AA6-1389-037BE0695223}
		{94DDE350-5770-4227-9CB3-CE4C953E8BFB} = {0AB3BF05-4346-4AA6-1389-037BE0695223}
	EndGlobalSection
EndGlobal
